
Microsoft Visual Studio Solution File, Format Version 12.00
# Visual Studio 14
VisualStudioVersion = 14.0.25420.1
MinimumVisualStudioVersion = 10.0.40219.1
Project("{8BC9CEB8-8B4A-11D0-8D11-00A0C91BC942}") = "CustomSerialNumber", "CustomSerialNumber\CustomSerialNumber.vcxproj", "{59DAC82E-9498-45A6-AD56-F4C79D748F79}"
EndProject
Project("{8BC9CEB8-8B4A-11D0-8D11-00A0C91BC942}") = "CustomSerialNumberTest", "CustomSerialNumberTest\CustomSerialNumberTest.vcxproj", "{8E5F5758-6C83-42F3-B051-AA8F0AE3A1C2}"
EndProject
Global
	GlobalSection(SolutionConfigurationPlatforms) = preSolution
		Debug|x64 = Debug|x64
		Debug|x86 = Debug|x86
		Release|x64 = Release|x64
		Release|x86 = Release|x86
	EndGlobalSection
	GlobalSection(ProjectConfigurationPlatforms) = postSolution
		{59DAC82E-9498-45A6-AD56-F4C79D748F79}.Debug|x64.ActiveCfg = Debug|x64
		{59DAC82E-9498-45A6-AD56-F4C79D748F79}.Debug|x64.Build.0 = Debug|x64
		{59DAC82E-9498-45A6-AD56-F4C79D748F79}.Debug|x86.ActiveCfg = Debug|Win32
		{59DAC82E-9498-45A6-AD56-F4C79D748F79}.Debug|x86.Build.0 = Debug|Win32
		{59DAC82E-9498-45A6-AD56-F4C79D748F79}.Release|x64.ActiveCfg = Release|x64
		{59DAC82E-9498-45A6-AD56-F4C79D748F79}.Release|x64.Build.0 = Release|x64
		{59DAC82E-9498-45A6-AD56-F4C79D748F79}.Release|x86.ActiveCfg = Release|Win32
		{59DAC82E-9498-45A6-AD56-F4C79D748F79}.Release|x86.Build.0 = Release|Win32
		{8E5F5758-6C83-42F3-B051-AA8F0AE3A1C2}.Debug|x64.ActiveCfg = Debug|x64
		{8E5F5758-6C83-42F3-B051-AA8F0AE3A1C2}.Debug|x64.Build.0 = Debug|x64
		{8E5F5758-6C83-42F3-B051-AA8F0AE3A1C2}.Debug|x86.ActiveCfg = Debug|Win32
		{8E5F5758-6C83-42F3-B051-AA8F0AE3A1C2}.Debug|x86.Build.0 = Debug|Win32
		{8E5F5758-6C83-42F3-B051-AA8F0AE3A1C2}.Release|x64.ActiveCfg = Release|x64
		{8E5F5758-6C83-42F3-B051-AA8F0AE3A1C2}.Release|x64.Build.0 = Release|x64
		{8E5F5758-6C83-42F3-B051-AA8F0AE3A1C2}.Release|x86.ActiveCfg = Release|Win32
		{8E5F5758-6C83-42F3-B051-AA8F0AE3A1C2}.Release|x86.Build.0 = Release|Win32
	EndGlobalSection
	GlobalSection(SolutionProperties) = preSolution
		HideSolutionNode = FALSE
	EndGlobalSection
EndGlobal
